
Microsoft Visual Studio Solution File, Format Version 12.00
# Visual Studio Version 17
VisualStudioVersion = 17.11.35303.130
MinimumVisualStudioVersion = 10.0.40219.1
Project("{FAE04EC0-301F-11D3-BF4B-00C04F79EFBC}") = "PipeAB", "PipeAB\PipeAB.csproj", "{7CB9038F-20D9-4BF7-8079-E8F1164F1267}"
EndProject
Global
	GlobalSection(SolutionConfigurationPlatforms) = preSolution
		Debug|Any CPU = Debug|Any CPU
		Release|Any CPU = Release|Any CPU
	EndGlobalSection
	GlobalSection(ProjectConfigurationPlatforms) = postSolution
		{7CB9038F-20D9-4BF7-8079-E8F1164F1267}.Debug|Any CPU.ActiveCfg = Debug|Any CPU
		{7CB9038F-20D9-4BF7-8079-E8F1164F1267}.Debug|Any CPU.Build.0 = Debug|Any CPU
		{7CB9038F-20D9-4BF7-8079-E8F1164F1267}.Release|Any CPU.ActiveCfg = Release|Any CPU
		{7CB9038F-20D9-4BF7-8079-E8F1164F1267}.Release|Any CPU.Build.0 = Release|Any CPU
	EndGlobalSection
	GlobalSection(SolutionProperties) = preSolution
		HideSolutionNode = FALSE
	EndGlobalSection
	GlobalSection(ExtensibilityGlobals) = postSolution
		SolutionGuid = {0319F5A4-20C5-4430-A5D9-634B915D19FB}
	EndGlobalSection
EndGlobal
